<?xml version="1.0" encoding="UTF-8" standalone="yes" ?>
<CodeBlocks_project_file>
	<FileVersion major="1" minor="6" />
	<Project>
		<Option title="Empty" />
		<Option pch_mode="2" />
		<Option compiler="gcc" />
		<Build>
			<Target title="Debug">
				<Option output="bin/Debug/Empty" prefix_auto="1" extension_auto="1" />
				<Option object_output="obj/Debug/" />
				<Option type="1" />
				<Option compiler="gcc" />
				<Compiler>
					<Add option="-g" />
				</Compiler>
			</Target>
			<Target title="Release">
				<Option output="bin/Release/Empty" prefix_auto="1" extension_auto="1" />
				<Option object_output="obj/Release/" />
				<Option type="1" />
				<Option compiler="gcc" />
				<Compiler>
					<Add option="-O2" />
				</Compiler>
				<Linker>
					<Add option="-s" />
					<Add option="-lsfml-graphics-s" />
					<Add option="-lsfml-window-s" />
					<Add option="-lsfml-system-s" />
					<Add option="-lopengl32" />
					<Add option="-lfreetype" />
					<Add option="-ljpeg" />
					<Add option="-lgdi32" />
					<Add option="-lwinmm" />
				</Linker>
			</Target>
		</Build>
		<Compiler>
			<Add option="-Wall" />
			<Add option="-fexceptions" />
			<Add option="-DSFML_STATIC" />
		</Compiler>
		<Linker>
			<Add option="-lonidev" />
		</Linker>
		<Unit filename="main.cpp" />
		<Unit filename="object.cpp" />
		<Unit filename="object.h" />
		<Extensions>
			<code_completion />
			<debugger />
			<envvars />
		</Extensions>
	</Project>
</CodeBlocks_project_file>
